
Microsoft Visual Studio Solution File, Format Version 12.00
# Visual Studio Version 16
VisualStudioVersion = 16.0.30517.126
MinimumVisualStudioVersion = 10.0.40219.1
Project("{FAE04EC0-301F-11D3-BF4B-00C04F79EFBC}") = "BlackSheep", "BlackSheep\BlackSheep.csproj", "{A092523A-256E-4C64-8B7C-AECB557CB4E6}"
EndProject
Project("{FAE04EC0-301F-11D3-BF4B-00C04F79EFBC}") = "Seasons", "Seasons\Seasons.csproj", "{08013356-8A9D-4D20-B191-FABD830D4327}"
EndProject
Project("{FAE04EC0-301F-11D3-BF4B-00C04F79EFBC}") = "RandomQuotes", "RandomQuotes\RandomQuotes.csproj", "{EB20FEC2-07C0-488F-9EBD-05C4BE09C2D8}"
EndProject
Global
	GlobalSection(SolutionConfigurationPlatforms) = preSolution
		Debug|Any CPU = Debug|Any CPU
		Release|Any CPU = Release|Any CPU
	EndGlobalSection
	GlobalSection(ProjectConfigurationPlatforms) = postSolution
		{A092523A-256E-4C64-8B7C-AECB557CB4E6}.Debug|Any CPU.ActiveCfg = Debug|Any CPU
		{A092523A-256E-4C64-8B7C-AECB557CB4E6}.Debug|Any CPU.Build.0 = Debug|Any CPU
		{A092523A-256E-4C64-8B7C-AECB557CB4E6}.Release|Any CPU.ActiveCfg = Release|Any CPU
		{A092523A-256E-4C64-8B7C-AECB557CB4E6}.Release|Any CPU.Build.0 = Release|Any CPU
		{08013356-8A9D-4D20-B191-FABD830D4327}.Debug|Any CPU.ActiveCfg = Debug|Any CPU
		{08013356-8A9D-4D20-B191-FABD830D4327}.Debug|Any CPU.Build.0 = Debug|Any CPU
		{08013356-8A9D-4D20-B191-FABD830D4327}.Release|Any CPU.ActiveCfg = Release|Any CPU
		{08013356-8A9D-4D20-B191-FABD830D4327}.Release|Any CPU.Build.0 = Release|Any CPU
		{EB20FEC2-07C0-488F-9EBD-05C4BE09C2D8}.Debug|Any CPU.ActiveCfg = Debug|Any CPU
		{EB20FEC2-07C0-488F-9EBD-05C4BE09C2D8}.Debug|Any CPU.Build.0 = Debug|Any CPU
		{EB20FEC2-07C0-488F-9EBD-05C4BE09C2D8}.Release|Any CPU.ActiveCfg = Release|Any CPU
		{EB20FEC2-07C0-488F-9EBD-05C4BE09C2D8}.Release|Any CPU.Build.0 = Release|Any CPU
	EndGlobalSection
	GlobalSection(SolutionProperties) = preSolution
		HideSolutionNode = FALSE
	EndGlobalSection
	GlobalSection(ExtensibilityGlobals) = postSolution
		SolutionGuid = {5290FA6F-C552-4D71-AF28-036E016F9FE9}
	EndGlobalSection
EndGlobal
